// !$*UTF8*$!
{
	archiveVersion = 1;
	classes = {
	};
	objectVersion = 46;
	objects = {

/* Begin PBXBuildFile section */
		FDE2025D1BCE433500B6D331 /* main.m in Sources */ = {isa = PBXBuildFile; fileRef = FDE2025C1BCE433500B6D331 /* main.m */; };
		FDE202601BCE433500B6D331 /* AppDelegate.m in Sources */ = {isa = PBXBuildFile; fileRef = FDE2025F1BCE433500B6D331 /* AppDelegate.m */; };
		FDE202681BCE433500B6D331 /* Assets.xcassets in Resources */ = {isa = PBXBuildFile; fileRef = FDE202671BCE433500B6D331 /* Assets.xcassets */; };
		FDE2026B1BCE433500B6D331 /* LaunchScreen.storyboard in Resources */ = {isa = PBXBuildFile; fileRef = FDE202691BCE433500B6D331 /* LaunchScreen.storyboard */; };
		FDE202761BCE433500B6D331 /* TabBarDemoTests.m in Sources */ = {isa = PBXBuildFile; fileRef = FDE202751BCE433500B6D331 /* TabBarDemoTests.m */; };
		FDE202811BCE433500B6D331 /* TabBarDemoUITests.m in Sources */ = {isa = PBXBuildFile; fileRef = FDE202801BCE433500B6D331 /* TabBarDemoUITests.m */; };
		FDE202911BCE43BB00B6D331 /* BaseTabBarVC.m in Sources */ = {isa = PBXBuildFile; fileRef = FDE2028F1BCE43BB00B6D331 /* BaseTabBarVC.m */; settings = {ASSET_TAGS = (); }; };
		FDE202921BCE43BB00B6D331 /* BaseTabBarVC.xib in Resources */ = {isa = PBXBuildFile; fileRef = FDE202901BCE43BB00B6D331 /* BaseTabBarVC.xib */; settings = {ASSET_TAGS = (); }; };
		FDE202961BCE449100B6D331 /* HomeViewController.m in Sources */ = {isa = PBXBuildFile; fileRef = FDE202941BCE449100B6D331 /* HomeViewController.m */; settings = {ASSET_TAGS = (); }; };
		FDE202971BCE449100B6D331 /* HomeViewController.xib in Resources */ = {isa = PBXBuildFile; fileRef = FDE202951BCE449100B6D331 /* HomeViewController.xib */; settings = {ASSET_TAGS = (); }; };
		FDE2029B1BCE44A200B6D331 /* SettingViewController.m in Sources */ = {isa = PBXBuildFile; fileRef = FDE202991BCE44A200B6D331 /* SettingViewController.m */; settings = {ASSET_TAGS = (); }; };
		FDE2029C1BCE44A200B6D331 /* SettingViewController.xib in Resources */ = {isa = PBXBuildFile; fileRef = FDE2029A1BCE44A200B6D331 /* SettingViewController.xib */; settings = {ASSET_TAGS = (); }; };
/* End PBXBuildFile section */

/* Begin PBXContainerItemProxy section */
		FDE202721BCE433500B6D331 /* PBXContainerItemProxy */ = {
			isa = PBXContainerItemProxy;
			containerPortal = FDE202501BCE433500B6D331 /* Project object */;
			proxyType = 1;
			remoteGlobalIDString = FDE202571BCE433500B6D331;
			remoteInfo = TabBarDemo;
		};
		FDE2027D1BCE433500B6D331 /* PBXContainerItemProxy */ = {
			isa = PBXContainerItemProxy;
			containerPortal = FDE202501BCE433500B6D331 /* Project object */;
			proxyType = 1;
			remoteGlobalIDString = FDE202571BCE433500B6D331;
			remoteInfo = TabBarDemo;
		};
/* End PBXContainerItemProxy section */

/* Begin PBXFileReference section */
		FDE202581BCE433500B6D331 /* TabBarDemo.app */ = {isa = PBXFileReference; explicitFileType = wrapper.application; includeInIndex = 0; path = TabBarDemo.app; sourceTree = BUILT_PRODUCTS_DIR; };
		FDE2025C1BCE433500B6D331 /* main.m */ = {isa = PBXFileReference; lastKnownFileType = sourcecode.c.objc; path = main.m; sourceTree = "<group>"; };
		FDE2025E1BCE433500B6D331 /* AppDelegate.h */ = {isa = PBXFileReference; lastKnownFileType = sourcecode.c.h; path = AppDelegate.h; sourceTree = "<group>"; };
		FDE2025F1BCE433500B6D331 /* AppDelegate.m */ = {isa = PBXFileReference; lastKnownFileType = sourcecode.c.objc; path = AppDelegate.m; sourceTree = "<group>"; };
		FDE202671BCE433500B6D331 /* Assets.xcassets */ = {isa = PBXFileReference; lastKnownFileType = folder.assetcatalog; path = Assets.xcassets; sourceTree = "<group>"; };
		FDE2026A1BCE433500B6D331 /* Base */ = {isa = PBXFileReference; lastKnownFileType = file.storyboard; name = Base; path = Base.lproj/LaunchScreen.storyboard; sourceTree = "<group>"; };
		FDE2026C1BCE433500B6D331 /* Info.plist */ = {isa = PBXFileReference; lastKnownFileType = text.plist.xml; path = Info.plist; sourceTree = "<group>"; };
		FDE202711BCE433500B6D331 /* TabBarDemoTests.xctest */ = {isa = PBXFileReference; explicitFileType = wrapper.cfbundle; includeInIndex = 0; path = TabBarDemoTests.xctest; sourceTree = BUILT_PRODUCTS_DIR; };
		FDE202751BCE433500B6D331 /* TabBarDemoTests.m */ = {isa = PBXFileReference; lastKnownFileType = sourcecode.c.objc; path = TabBarDemoTests.m; sourceTree = "<group>"; };
		FDE202771BCE433500B6D331 /* Info.plist */ = {isa = PBXFileReference; lastKnownFileType = text.plist.xml; path = Info.plist; sourceTree = "<group>"; };
		FDE2027C1BCE433500B6D331 /* TabBarDemoUITests.xctest */ = {isa = PBXFileReference; explicitFileType = wrapper.cfbundle; includeInIndex = 0; path = TabBarDemoUITests.xctest; sourceTree = BUILT_PRODUCTS_DIR; };
		FDE202801BCE433500B6D331 /* TabBarDemoUITests.m */ = {isa = PBXFileReference; lastKnownFileType = sourcecode.c.objc; path = TabBarDemoUITests.m; sourceTree = "<group>"; };
		FDE202821BCE433500B6D331 /* Info.plist */ = {isa = PBXFileReference; lastKnownFileType = text.plist.xml; path = Info.plist; sourceTree = "<group>"; };
		FDE2028E1BCE43BB00B6D331 /* BaseTabBarVC.h */ = {isa = PBXFileReference; fileEncoding = 4; lastKnownFileType = sourcecode.c.h; path = BaseTabBarVC.h; sourceTree = "<group>"; };
		FDE2028F1BCE43BB00B6D331 /* BaseTabBarVC.m */ = {isa = PBXFileReference; fileEncoding = 4; lastKnownFileType = sourcecode.c.objc; path = BaseTabBarVC.m; sourceTree = "<group>"; };
		FDE202901BCE43BB00B6D331 /* BaseTabBarVC.xib */ = {isa = PBXFileReference; fileEncoding = 4; lastKnownFileType = file.xib; path = BaseTabBarVC.xib; sourceTree = "<group>"; };
		FDE202931BCE449100B6D331 /* HomeViewController.h */ = {isa = PBXFileReference; fileEncoding = 4; lastKnownFileType = sourcecode.c.h; path = HomeViewController.h; sourceTree = "<group>"; };
		FDE202941BCE449100B6D331 /* HomeViewController.m */ = {isa = PBXFileReference; fileEncoding = 4; lastKnownFileType = sourcecode.c.objc; path = HomeViewController.m; sourceTree = "<group>"; };
		FDE202951BCE449100B6D331 /* HomeViewController.xib */ = {isa = PBXFileReference; fileEncoding = 4; lastKnownFileType = file.xib; path = HomeViewController.xib; sourceTree = "<group>"; };
		FDE202981BCE44A200B6D331 /* SettingViewController.h */ = {isa = PBXFileReference; fileEncoding = 4; lastKnownFileType = sourcecode.c.h; path = SettingViewController.h; sourceTree = "<group>"; };
		FDE202991BCE44A200B6D331 /* SettingViewController.m */ = {isa = PBXFileReference; fileEncoding = 4; lastKnownFileType = sourcecode.c.objc; path = SettingViewController.m; sourceTree = "<group>"; };
		FDE2029A1BCE44A200B6D331 /* SettingViewController.xib */ = {isa = PBXFileReference; fileEncoding = 4; lastKnownFileType = file.xib; path = SettingViewController.xib; sourceTree = "<group>"; };
/* End PBXFileReference section */

/* Begin PBXFrameworksBuildPhase section */
		FDE202551BCE433500B6D331 /* Frameworks */ = {
			isa = PBXFrameworksBuildPhase;
			buildActionMask = 2147483647;
			files = (
			);
			runOnlyForDeploymentPostprocessing = 0;
		};
		FDE2026E1BCE433500B6D331 /* Frameworks */ = {
			isa = PBXFrameworksBuildPhase;
			buildActionMask = 2147483647;
			files = (
			);
			runOnlyForDeploymentPostprocessing = 0;
		};
		FDE202791BCE433500B6D331 /* Frameworks */ = {
			isa = PBXFrameworksBuildPhase;
			buildActionMask = 2147483647;
			files = (
			);
			runOnlyForDeploymentPostprocessing = 0;
		};
/* End PBXFrameworksBuildPhase section */

/* Begin PBXGroup section */
		FDE2024F1BCE433500B6D331 = {
			isa = PBXGroup;
			children = (
				FDE2025A1BCE433500B6D331 /* TabBarDemo */,
				FDE202741BCE433500B6D331 /* TabBarDemoTests */,
				FDE2027F1BCE433500B6D331 /* TabBarDemoUITests */,
				FDE202591BCE433500B6D331 /* Products */,
			);
			sourceTree = "<group>";
		};
		FDE202591BCE433500B6D331 /* Products */ = {
			isa = PBXGroup;
			children = (
				FDE202581BCE433500B6D331 /* TabBarDemo.app */,
				FDE202711BCE433500B6D331 /* TabBarDemoTests.xctest */,
				FDE2027C1BCE433500B6D331 /* TabBarDemoUITests.xctest */,
			);
			name = Products;
			sourceTree = "<group>";
		};
		FDE2025A1BCE433500B6D331 /* TabBarDemo */ = {
			isa = PBXGroup;
			children = (
				FDE2025E1BCE433500B6D331 /* AppDelegate.h */,
				FDE2025F1BCE433500B6D331 /* AppDelegate.m */,
				FDE2028E1BCE43BB00B6D331 /* BaseTabBarVC.h */,
				FDE2028F1BCE43BB00B6D331 /* BaseTabBarVC.m */,
				FDE202901BCE43BB00B6D331 /* BaseTabBarVC.xib */,
				FDE202931BCE449100B6D331 /* HomeViewController.h */,
				FDE202941BCE449100B6D331 /* HomeViewController.m */,
				FDE202951BCE449100B6D331 /* HomeViewController.xib */,
				FDE202981BCE44A200B6D331 /* SettingViewController.h */,
				FDE202991BCE44A200B6D331 /* SettingViewController.m */,
				FDE2029A1BCE44A200B6D331 /* SettingViewController.xib */,
				FDE202671BCE433500B6D331 /* Assets.xcassets */,
				FDE202691BCE433500B6D331 /* LaunchScreen.storyboard */,
				FDE2026C1BCE433500B6D331 /* Info.plist */,
				FDE2025B1BCE433500B6D331 /* Supporting Files */,
			);
			path = TabBarDemo;
			sourceTree = "<group>";
		};
		FDE2025B1BCE433500B6D331 /* Supporting Files */ = {
			isa = PBXGroup;
			children = (
				FDE2025C1BCE433500B6D331 /* main.m */,
			);
			name = "Supporting Files";
			sourceTree = "<group>";
		};
		FDE202741BCE433500B6D331 /* TabBarDemoTests */ = {
			isa = PBXGroup;
			children = (
				FDE202751BCE433500B6D331 /* TabBarDemoTests.m */,
				FDE202771BCE433500B6D331 /* Info.plist */,
			);
			path = TabBarDemoTests;
			sourceTree = "<group>";
		};
		FDE2027F1BCE433500B6D331 /* TabBarDemoUITests */ = {
			isa = PBXGroup;
			children = (
				FDE202801BCE433500B6D331 /* TabBarDemoUITests.m */,
				FDE202821BCE433500B6D331 /* Info.plist */,
			);
			path = TabBarDemoUITests;
			sourceTree = "<group>";
		};
/* End PBXGroup section */

/* Begin PBXNativeTarget section */
		FDE202571BCE433500B6D331 /* TabBarDemo */ = {
			isa = PBXNativeTarget;
			buildConfigurationList = FDE202851BCE433500B6D331 /* Build configuration list for PBXNativeTarget "TabBarDemo" */;
			buildPhases = (
				FDE202541BCE433500B6D331 /* Sources */,
				FDE202551BCE433500B6D331 /* Frameworks */,
				FDE202561BCE433500B6D331 /* Resources */,
			);
			buildRules = (
			);
			dependencies = (
			);
			name = TabBarDemo;
			productName = TabBarDemo;
			productReference = FDE202581BCE433500B6D331 /* TabBarDemo.app */;
			productType = "com.apple.product-type.application";
		};
		FDE202701BCE433500B6D331 /* TabBarDemoTests */ = {
			isa = PBXNativeTarget;
			buildConfigurationList = FDE202881BCE433500B6D331 /* Build configuration list for PBXNativeTarget "TabBarDemoTests" */;
			buildPhases = (
				FDE2026D1BCE433500B6D331 /* Sources */,
				FDE2026E1BCE433500B6D331 /* Frameworks */,
				FDE2026F1BCE433500B6D331 /* Resources */,
			);
			buildRules = (
			);
			dependencies = (
				FDE202731BCE433500B6D331 /* PBXTargetDependency */,
			);
			name = TabBarDemoTests;
			productName = TabBarDemoTests;
			productReference = FDE202711BCE433500B6D331 /* TabBarDemoTests.xctest */;
			productType = "com.apple.product-type.bundle.unit-test";
		};
		FDE2027B1BCE433500B6D331 /* TabBarDemoUITests */ = {
			isa = PBXNativeTarget;
			buildConfigurationList = FDE2028B1BCE433500B6D331 /* Build configuration list for PBXNativeTarget "TabBarDemoUITests" */;
			buildPhases = (
				FDE202781BCE433500B6D331 /* Sources */,
				FDE202791BCE433500B6D331 /* Frameworks */,
				FDE2027A1BCE433500B6D331 /* Resources */,
			);
			buildRules = (
			);
			dependencies = (
				FDE2027E1BCE433500B6D331 /* PBXTargetDependency */,
			);
			name = TabBarDemoUITests;
			productName = TabBarDemoUITests;
			productReference = FDE2027C1BCE433500B6D331 /* TabBarDemoUITests.xctest */;
			productType = "com.apple.product-type.bundle.ui-testing";
		};
/* End PBXNativeTarget section */

/* Begin PBXProject section */
		FDE202501BCE433500B6D331 /* Project object */ = {
			isa = PBXProject;
			attributes = {
				LastUpgradeCheck = 0700;
				ORGANIZATIONNAME = Yinan;
				TargetAttributes = {
					FDE202571BCE433500B6D331 = {
						CreatedOnToolsVersion = 7.0;
					};
					FDE202701BCE433500B6D331 = {
						CreatedOnToolsVersion = 7.0;
						TestTargetID = FDE202571BCE433500B6D331;
					};
					FDE2027B1BCE433500B6D331 = {
						CreatedOnToolsVersion = 7.0;
						TestTargetID = FDE202571BCE433500B6D331;
					};
				};
			};
			buildConfigurationList = FDE202531BCE433500B6D331 /* Build configuration list for PBXProject "TabBarDemo" */;
			compatibilityVersion = "Xcode 3.2";
			developmentRegion = English;
			hasScannedForEncodings = 0;
			knownRegions = (
				en,
				Base,
			);
			mainGroup = FDE2024F1BCE433500B6D331;
			productRefGroup = FDE202591BCE433500B6D331 /* Products */;
			projectDirPath = "";
			projectRoot = "";
			targets = (
				FDE202571BCE433500B6D331 /* TabBarDemo */,
				FDE202701BCE433500B6D331 /* TabBarDemoTests */,
				FDE2027B1BCE433500B6D331 /* TabBarDemoUITests */,
			);
		};
/* End PBXProject section */

/* Begin PBXResourcesBuildPhase section */
		FDE202561BCE433500B6D331 /* Resources */ = {
			isa = PBXResourcesBuildPhase;
			buildActionMask = 2147483647;
			files = (
				FDE2026B1BCE433500B6D331 /* LaunchScreen.storyboard in Resources */,
				FDE2029C1BCE44A200B6D331 /* SettingViewController.xib in Resources */,
				FDE202921BCE43BB00B6D331 /* BaseTabBarVC.xib in Resources */,
				FDE202681BCE433500B6D331 /* Assets.xcassets in Resources */,
				FDE202971BCE449100B6D331 /* HomeViewController.xib in Resources */,
			);
			runOnlyForDeploymentPostprocessing = 0;
		};
		FDE2026F1BCE433500B6D331 /* Resources */ = {
			isa = PBXResourcesBuildPhase;
			buildActionMask = 2147483647;
			files = (
			);
			runOnlyForDeploymentPostprocessing = 0;
		};
		FDE2027A1BCE433500B6D331 /* Resources */ = {
			isa = PBXResourcesBuildPhase;
			buildActionMask = 2147483647;
			files = (
			);
			runOnlyForDeploymentPostprocessing = 0;
		};
/* End PBXResourcesBuildPhase section */

/* Begin PBXSourcesBuildPhase section */
		FDE202541BCE433500B6D331 /* Sources */ = {
			isa = PBXSourcesBuildPhase;
			buildActionMask = 2147483647;
			files = (
				FDE202601BCE433500B6D331 /* AppDelegate.m in Sources */,
				FDE202911BCE43BB00B6D331 /* BaseTabBarVC.m in Sources */,
				FDE2025D1BCE433500B6D331 /* main.m in Sources */,
				FDE202961BCE449100B6D331 /* HomeViewController.m in Sources */,
				FDE2029B1BCE44A200B6D331 /* SettingViewController.m in Sources */,
			);
			runOnlyForDeploymentPostprocessing = 0;
		};
		FDE2026D1BCE433500B6D331 /* Sources */ = {
			isa = PBXSourcesBuildPhase;
			buildActionMask = 2147483647;
			files = (
				FDE202761BCE433500B6D331 /* TabBarDemoTests.m in Sources */,
			);
			runOnlyForDeploymentPostprocessing = 0;
		};
		FDE202781BCE433500B6D331 /* Sources */ = {
			isa = PBXSourcesBuildPhase;
			buildActionMask = 2147483647;
			files = (
				FDE202811BCE433500B6D331 /* TabBarDemoUITests.m in Sources */,
			);
			runOnlyForDeploymentPostprocessing = 0;
		};
/* End PBXSourcesBuildPhase section */

/* Begin PBXTargetDependency section */
		FDE202731BCE433500B6D331 /* PBXTargetDependency */ = {
			isa = PBXTargetDependency;
			target = FDE202571BCE433500B6D331 /* TabBarDemo */;
			targetProxy = FDE202721BCE433500B6D331 /* PBXContainerItemProxy */;
		};
		FDE2027E1BCE433500B6D331 /* PBXTargetDependency */ = {
			isa = PBXTargetDependency;
			target = FDE202571BCE433500B6D331 /* TabBarDemo */;
			targetProxy = FDE2027D1BCE433500B6D331 /* PBXContainerItemProxy */;
		};
/* End PBXTargetDependency section */

/* Begin PBXVariantGroup section */
		FDE202691BCE433500B6D331 /* LaunchScreen.storyboard */ = {
			isa = PBXVariantGroup;
			children = (
				FDE2026A1BCE433500B6D331 /* Base */,
			);
			name = LaunchScreen.storyboard;
			sourceTree = "<group>";
		};
/* End PBXVariantGroup section */

/* Begin XCBuildConfiguration section */
		FDE202831BCE433500B6D331 /* Debug */ = {
			isa = XCBuildConfiguration;
			buildSettings = {
				ALWAYS_SEARCH_USER_PATHS = NO;
				CLANG_CXX_LANGUAGE_STANDARD = "gnu++0x";
				CLANG_CXX_LIBRARY = "libc++";
				CLANG_ENABLE_MODULES = YES;
				CLANG_ENABLE_OBJC_ARC = YES;
				CLANG_WARN_BOOL_CONVERSION = YES;
				CLANG_WARN_CONSTANT_CONVERSION = YES;
				CLANG_WARN_DIRECT_OBJC_ISA_USAGE = YES_ERROR;
				CLANG_WARN_EMPTY_BODY = YES;
				CLANG_WARN_ENUM_CONVERSION = YES;
				CLANG_WARN_INT_CONVERSION = YES;
				CLANG_WARN_OBJC_ROOT_CLASS = YES_ERROR;
				CLANG_WARN_UNREACHABLE_CODE = YES;
				CLANG_WARN__DUPLICATE_METHOD_MATCH = YES;
				"CODE_SIGN_IDENTITY[sdk=iphoneos*]" = "iPhone Developer";
				COPY_PHASE_STRIP = NO;
				DEBUG_INFORMATION_FORMAT = dwarf;
				ENABLE_STRICT_OBJC_MSGSEND = YES;
				ENABLE_TESTABILITY = YES;
				GCC_C_LANGUAGE_STANDARD = gnu99;
				GCC_DYNAMIC_NO_PIC = NO;
				GCC_NO_COMMON_BLOCKS = YES;
				GCC_OPTIMIZATION_LEVEL = 0;
				GCC_PREPROCESSOR_DEFINITIONS = (
					"DEBUG=1",
					"$(inherited)",
				);
				GCC_WARN_64_TO_32_BIT_CONVERSION = YES;
				GCC_WARN_ABOUT_RETURN_TYPE = YES_ERROR;
				GCC_WARN_UNDECLARED_SELECTOR = YES;
				GCC_WARN_UNINITIALIZED_AUTOS = YES_AGGRESSIVE;
				GCC_WARN_UNUSED_FUNCTION = YES;
				GCC_WARN_UNUSED_VARIABLE = YES;
				IPHONEOS_DEPLOYMENT_TARGET = 9.0;
				MTL_ENABLE_DEBUG_INFO = YES;
				ONLY_ACTIVE_ARCH = YES;
				SDKROOT = iphoneos;
			};
			name = Debug;
		};
		FDE202841BCE433500B6D331 /* Release */ = {
			isa = XCBuildConfiguration;
			buildSettings = {
				ALWAYS_SEARCH_USER_PATHS = NO;
				CLANG_CXX_LANGUAGE_STANDARD = "gnu++0x";
				CLANG_CXX_LIBRARY = "libc++";
				CLANG_ENABLE_MODULES = YES;
				CLANG_ENABLE_OBJC_ARC = YES;
				CLANG_WARN_BOOL_CONVERSION = YES;
				CLANG_WARN_CONSTANT_CONVERSION = YES;
				CLANG_WARN_DIRECT_OBJC_ISA_USAGE = YES_ERROR;
				CLANG_WARN_EMPTY_BODY = YES;
				CLANG_WARN_ENUM_CONVERSION = YES;
				CLANG_WARN_INT_CONVERSION = YES;
				CLANG_WARN_OBJC_ROOT_CLASS = YES_ERROR;
				CLANG_WARN_UNREACHABLE_CODE = YES;
				CLANG_WARN__DUPLICATE_METHOD_MATCH = YES;
				"CODE_SIGN_IDENTITY[sdk=iphoneos*]" = "iPhone Developer";
				COPY_PHASE_STRIP = NO;
				DEBUG_INFORMATION_FORMAT = "dwarf-with-dsym";
				ENABLE_NS_ASSERTIONS = NO;
				ENABLE_STRICT_OBJC_MSGSEND = YES;
				GCC_C_LANGUAGE_STANDARD = gnu99;
				GCC_NO_COMMON_BLOCKS = YES;
				GCC_WARN_64_TO_32_BIT_CONVERSION = YES;
				GCC_WARN_ABOUT_RETURN_TYPE = YES_ERROR;
				GCC_WARN_UNDECLARED_SELECTOR = YES;
				GCC_WARN_UNINITIALIZED_AUTOS = YES_AGGRESSIVE;
				GCC_WARN_UNUSED_FUNCTION = YES;
				GCC_WARN_UNUSED_VARIABLE = YES;
				IPHONEOS_DEPLOYMENT_TARGET = 9.0;
				MTL_ENABLE_DEBUG_INFO = NO;
				SDKROOT = iphoneos;
				VALIDATE_PRODUCT = YES;
			};
			name = Release;
		};
		FDE202861BCE433500B6D331 /* Debug */ = {
			isa = XCBuildConfiguration;
			buildSettings = {
				ASSETCATALOG_COMPILER_APPICON_NAME = AppIcon;
				INFOPLIST_FILE = TabBarDemo/Info.plist;
				IPHONEOS_DEPLOYMENT_TARGET = 8.0;
				LD_RUNPATH_SEARCH_PATHS = "$(inherited) @executable_path/Frameworks";
				PRODUCT_BUNDLE_IDENTIFIER = com.yinan.TabBarDemo;
				PRODUCT_NAME = "$(TARGET_NAME)";
			};
			name = Debug;
		};
		FDE202871BCE433500B6D331 /* Release */ = {
			isa = XCBuildConfiguration;
			buildSettings = {
				ASSETCATALOG_COMPILER_APPICON_NAME = AppIcon;
				INFOPLIST_FILE = TabBarDemo/Info.plist;
				IPHONEOS_DEPLOYMENT_TARGET = 8.0;
				LD_RUNPATH_SEARCH_PATHS = "$(inherited) @executable_path/Frameworks";
				PRODUCT_BUNDLE_IDENTIFIER = com.yinan.TabBarDemo;
				PRODUCT_NAME = "$(TARGET_NAME)";
			};
			name = Release;
		};
		FDE202891BCE433500B6D331 /* Debug */ = {
			isa = XCBuildConfiguration;
			buildSettings = {
				BUNDLE_LOADER = "$(TEST_HOST)";
				INFOPLIST_FILE = TabBarDemoTests/Info.plist;
				LD_RUNPATH_SEARCH_PATHS = "$(inherited) @executable_path/Frameworks @loader_path/Frameworks";
				PRODUCT_BUNDLE_IDENTIFIER = com.yinan.TabBarDemoTests;
				PRODUCT_NAME = "$(TARGET_NAME)";
				TEST_HOST = "$(BUILT_PRODUCTS_DIR)/TabBarDemo.app/TabBarDemo";
			};
			name = Debug;
		};
		FDE2028A1BCE433500B6D331 /* Release */ = {
			isa = XCBuildConfiguration;
			buildSettings = {
				BUNDLE_LOADER = "$(TEST_HOST)";
				INFOPLIST_FILE = TabBarDemoTests/Info.plist;
				LD_RUNPATH_SEARCH_PATHS = "$(inherited) @executable_path/Frameworks @loader_path/Frameworks";
				PRODUCT_BUNDLE_IDENTIFIER = com.yinan.TabBarDemoTests;
				PRODUCT_NAME = "$(TARGET_NAME)";
				TEST_HOST = "$(BUILT_PRODUCTS_DIR)/TabBarDemo.app/TabBarDemo";
			};
			name = Release;
		};
		FDE2028C1BCE433500B6D331 /* Debug */ = {
			isa = XCBuildConfiguration;
			buildSettings = {
				INFOPLIST_FILE = TabBarDemoUITests/Info.plist;
				LD_RUNPATH_SEARCH_PATHS = "$(inherited) @executable_path/Frameworks @loader_path/Frameworks";
				PRODUCT_BUNDLE_IDENTIFIER = com.yinan.TabBarDemoUITests;
				PRODUCT_NAME = "$(TARGET_NAME)";
				TEST_TARGET_NAME = TabBarDemo;
				USES_XCTRUNNER = YES;
			};
			name = Debug;
		};
		FDE2028D1BCE433500B6D331 /* Release */ = {
			isa = XCBuildConfiguration;
			buildSettings = {
				INFOPLIST_FILE = TabBarDemoUITests/Info.plist;
				LD_RUNPATH_SEARCH_PATHS = "$(inherited) @executable_path/Frameworks @loader_path/Frameworks";
				PRODUCT_BUNDLE_IDENTIFIER = com.yinan.TabBarDemoUITests;
				PRODUCT_NAME = "$(TARGET_NAME)";
				TEST_TARGET_NAME = TabBarDemo;
				USES_XCTRUNNER = YES;
			};
			name = Release;
		};
/* End XCBuildConfiguration section */

/* Begin XCConfigurationList section */
		FDE202531BCE433500B6D331 /* Build configuration list for PBXProject "TabBarDemo" */ = {
			isa = XCConfigurationList;
			buildConfigurations = (
				FDE202831BCE433500B6D331 /* Debug */,
				FDE202841BCE433500B6D331 /* Release */,
			);
			defaultConfigurationIsVisible = 0;
			defaultConfigurationName = Release;
		};
		FDE202851BCE433500B6D331 /* Build configuration list for PBXNativeTarget "TabBarDemo" */ = {
			isa = XCConfigurationList;
			buildConfigurations = (
				FDE202861BCE433500B6D331 /* Debug */,
				FDE202871BCE433500B6D331 /* Release */,
			);
			defaultConfigurationIsVisible = 0;
		};
		FDE202881BCE433500B6D331 /* Build configuration list for PBXNativeTarget "TabBarDemoTests" */ = {
			isa = XCConfigurationList;
			buildConfigurations = (
				FDE202891BCE433500B6D331 /* Debug */,
				FDE2028A1BCE433500B6D331 /* Release */,
			);
			defaultConfigurationIsVisible = 0;
		};
		FDE2028B1BCE433500B6D331 /* Build configuration list for PBXNativeTarget "TabBarDemoUITests" */ = {
			isa = XCConfigurationList;
			buildConfigurations = (
				FDE2028C1BCE433500B6D331 /* Debug */,
				FDE2028D1BCE433500B6D331 /* Release */,
			);
			defaultConfigurationIsVisible = 0;
		};
/* End XCConfigurationList section */
	};
	rootObject = FDE202501BCE433500B6D331 /* Project object */;
}
